
Microsoft Visual Studio Solution File, Format Version 12.00
# Visual Studio Version 17
VisualStudioVersion = 17.14.36401.2
MinimumVisualStudioVersion = 10.0.40219.1
Project("{FAE04EC0-301F-11D3-BF4B-00C04F79EFBC}") = "SpringBoxXIII.Client", "SpringBoxXIII.Client\SpringBoxXIII.Client.csproj", "{1D8572F0-B208-44D0-8DF3-6643369FFFAB}"
	ProjectSection(ProjectDependencies) = postProject
		{B075778A-21C2-40F6-ADEE-4FC175A282E8} = {B075778A-21C2-40F6-ADEE-4FC175A282E8}
	EndProjectSection
EndProject
Project("{FAE04EC0-301F-11D3-BF4B-00C04F79EFBC}") = "SpringBoxXIII.Api", "SpringBoxXIII.Api\SpringBoxXIII.Api.csproj", "{858B490E-589E-4E18-B702-F6938F860893}"
	ProjectSection(ProjectDependencies) = postProject
		{B075778A-21C2-40F6-ADEE-4FC175A282E8} = {B075778A-21C2-40F6-ADEE-4FC175A282E8}
	EndProjectSection
EndProject
Project("{FAE04EC0-301F-11D3-BF4B-00C04F79EFBC}") = "SpringBoxXIII.Shared", "SpringBoxXIII.Shared\SpringBoxXIII.Shared.csproj", "{B075778A-21C2-40F6-ADEE-4FC175A282E8}"
EndProject
Project("{00D1A9C2-B5F0-4AF3-8072-F6C62B433612}") = "SpringBoxXIII.Database", "SpringBoxXIII.Database\SpringBoxXIII.Database.sqlproj", "{78647764-4164-4D13-A2A0-5DF632960421}"
EndProject
Global
	GlobalSection(SolutionConfigurationPlatforms) = preSolution
		Debug|Any CPU = Debug|Any CPU
		Debug|x64 = Debug|x64
		Debug|x86 = Debug|x86
		Release|Any CPU = Release|Any CPU
		Release|x64 = Release|x64
		Release|x86 = Release|x86
	EndGlobalSection
	GlobalSection(ProjectConfigurationPlatforms) = postSolution
		{1D8572F0-B208-44D0-8DF3-6643369FFFAB}.Debug|Any CPU.ActiveCfg = Debug|Any CPU
		{1D8572F0-B208-44D0-8DF3-6643369FFFAB}.Debug|Any CPU.Build.0 = Debug|Any CPU
		{1D8572F0-B208-44D0-8DF3-6643369FFFAB}.Debug|Any CPU.Deploy.0 = Debug|Any CPU
		{1D8572F0-B208-44D0-8DF3-6643369FFFAB}.Debug|x64.ActiveCfg = Debug|Any CPU
		{1D8572F0-B208-44D0-8DF3-6643369FFFAB}.Debug|x64.Build.0 = Debug|Any CPU
		{1D8572F0-B208-44D0-8DF3-6643369FFFAB}.Debug|x64.Deploy.0 = Debug|Any CPU
		{1D8572F0-B208-44D0-8DF3-6643369FFFAB}.Debug|x86.ActiveCfg = Debug|Any CPU
		{1D8572F0-B208-44D0-8DF3-6643369FFFAB}.Debug|x86.Build.0 = Debug|Any CPU
		{1D8572F0-B208-44D0-8DF3-6643369FFFAB}.Debug|x86.Deploy.0 = Debug|Any CPU
		{1D8572F0-B208-44D0-8DF3-6643369FFFAB}.Release|Any CPU.ActiveCfg = Release|Any CPU
		{1D8572F0-B208-44D0-8DF3-6643369FFFAB}.Release|Any CPU.Build.0 = Release|Any CPU
		{1D8572F0-B208-44D0-8DF3-6643369FFFAB}.Release|Any CPU.Deploy.0 = Release|Any CPU
		{1D8572F0-B208-44D0-8DF3-6643369FFFAB}.Release|x64.ActiveCfg = Release|Any CPU
		{1D8572F0-B208-44D0-8DF3-6643369FFFAB}.Release|x64.Build.0 = Release|Any CPU
		{1D8572F0-B208-44D0-8DF3-6643369FFFAB}.Release|x64.Deploy.0 = Release|Any CPU
		{1D8572F0-B208-44D0-8DF3-6643369FFFAB}.Release|x86.ActiveCfg = Release|Any CPU
		{1D8572F0-B208-44D0-8DF3-6643369FFFAB}.Release|x86.Build.0 = Release|Any CPU
		{1D8572F0-B208-44D0-8DF3-6643369FFFAB}.Release|x86.Deploy.0 = Release|Any CPU
		{858B490E-589E-4E18-B702-F6938F860893}.Debug|Any CPU.ActiveCfg = Debug|Any CPU
		{858B490E-589E-4E18-B702-F6938F860893}.Debug|Any CPU.Build.0 = Debug|Any CPU
		{858B490E-589E-4E18-B702-F6938F860893}.Debug|x64.ActiveCfg = Debug|Any CPU
		{858B490E-589E-4E18-B702-F6938F860893}.Debug|x64.Build.0 = Debug|Any CPU
		{858B490E-589E-4E18-B702-F6938F860893}.Debug|x86.ActiveCfg = Debug|Any CPU
		{858B490E-589E-4E18-B702-F6938F860893}.Debug|x86.Build.0 = Debug|Any CPU
		{858B490E-589E-4E18-B702-F6938F860893}.Release|Any CPU.ActiveCfg = Release|Any CPU
		{858B490E-589E-4E18-B702-F6938F860893}.Release|Any CPU.Build.0 = Release|Any CPU
		{858B490E-589E-4E18-B702-F6938F860893}.Release|x64.ActiveCfg = Release|Any CPU
		{858B490E-589E-4E18-B702-F6938F860893}.Release|x64.Build.0 = Release|Any CPU
		{858B490E-589E-4E18-B702-F6938F860893}.Release|x86.ActiveCfg = Release|Any CPU
		{858B490E-589E-4E18-B702-F6938F860893}.Release|x86.Build.0 = Release|Any CPU
		{B075778A-21C2-40F6-ADEE-4FC175A282E8}.Debug|Any CPU.ActiveCfg = Debug|Any CPU
		{B075778A-21C2-40F6-ADEE-4FC175A282E8}.Debug|Any CPU.Build.0 = Debug|Any CPU
		{B075778A-21C2-40F6-ADEE-4FC175A282E8}.Debug|x64.ActiveCfg = Debug|Any CPU
		{B075778A-21C2-40F6-ADEE-4FC175A282E8}.Debug|x64.Build.0 = Debug|Any CPU
		{B075778A-21C2-40F6-ADEE-4FC175A282E8}.Debug|x86.ActiveCfg = Debug|Any CPU
		{B075778A-21C2-40F6-ADEE-4FC175A282E8}.Debug|x86.Build.0 = Debug|Any CPU
		{B075778A-21C2-40F6-ADEE-4FC175A282E8}.Release|Any CPU.ActiveCfg = Release|Any CPU
		{B075778A-21C2-40F6-ADEE-4FC175A282E8}.Release|Any CPU.Build.0 = Release|Any CPU
		{B075778A-21C2-40F6-ADEE-4FC175A282E8}.Release|x64.ActiveCfg = Release|Any CPU
		{B075778A-21C2-40F6-ADEE-4FC175A282E8}.Release|x64.Build.0 = Release|Any CPU
		{B075778A-21C2-40F6-ADEE-4FC175A282E8}.Release|x86.ActiveCfg = Release|Any CPU
		{B075778A-21C2-40F6-ADEE-4FC175A282E8}.Release|x86.Build.0 = Release|Any CPU
		{78647764-4164-4D13-A2A0-5DF632960421}.Debug|Any CPU.ActiveCfg = Debug|Any CPU
		{78647764-4164-4D13-A2A0-5DF632960421}.Debug|Any CPU.Build.0 = Debug|Any CPU
		{78647764-4164-4D13-A2A0-5DF632960421}.Debug|Any CPU.Deploy.0 = Debug|Any CPU
		{78647764-4164-4D13-A2A0-5DF632960421}.Debug|x64.ActiveCfg = Debug|Any CPU
		{78647764-4164-4D13-A2A0-5DF632960421}.Debug|x64.Build.0 = Debug|Any CPU
		{78647764-4164-4D13-A2A0-5DF632960421}.Debug|x64.Deploy.0 = Debug|Any CPU
		{78647764-4164-4D13-A2A0-5DF632960421}.Debug|x86.ActiveCfg = Debug|Any CPU
		{78647764-4164-4D13-A2A0-5DF632960421}.Debug|x86.Build.0 = Debug|Any CPU
		{78647764-4164-4D13-A2A0-5DF632960421}.Debug|x86.Deploy.0 = Debug|Any CPU
		{78647764-4164-4D13-A2A0-5DF632960421}.Release|Any CPU.ActiveCfg = Release|Any CPU
		{78647764-4164-4D13-A2A0-5DF632960421}.Release|Any CPU.Build.0 = Release|Any CPU
		{78647764-4164-4D13-A2A0-5DF632960421}.Release|Any CPU.Deploy.0 = Release|Any CPU
		{78647764-4164-4D13-A2A0-5DF632960421}.Release|x64.ActiveCfg = Release|Any CPU
		{78647764-4164-4D13-A2A0-5DF632960421}.Release|x64.Build.0 = Release|Any CPU
		{78647764-4164-4D13-A2A0-5DF632960421}.Release|x64.Deploy.0 = Release|Any CPU
		{78647764-4164-4D13-A2A0-5DF632960421}.Release|x86.ActiveCfg = Release|Any CPU
		{78647764-4164-4D13-A2A0-5DF632960421}.Release|x86.Build.0 = Release|Any CPU
		{78647764-4164-4D13-A2A0-5DF632960421}.Release|x86.Deploy.0 = Release|Any CPU
	EndGlobalSection
	GlobalSection(SolutionProperties) = preSolution
		HideSolutionNode = FALSE
	EndGlobalSection
	GlobalSection(ExtensibilityGlobals) = postSolution
		SolutionGuid = {07957822-B795-48EC-A311-E9126F50A62E}
	EndGlobalSection
EndGlobal
