
Microsoft Visual Studio Solution File, Format Version 12.00
# Visual Studio Version 17
VisualStudioVersion = 17.14.36401.2 d17.14
MinimumVisualStudioVersion = 10.0.40219.1
Project("{FAE04EC0-301F-11D3-BF4B-00C04F79EFBC}") = "SpringBoxXIII.Client", "SpringBoxXIII.Client\SpringBoxXIII.Client.csproj", "{1D8572F0-B208-44D0-8DF3-6643369FFFAB}"
EndProject
Project("{FAE04EC0-301F-11D3-BF4B-00C04F79EFBC}") = "SpringBoxXIII.Api", "SpringBoxXIII.Api\SpringBoxXIII.Api.csproj", "{858B490E-589E-4E18-B702-F6938F860893}"
EndProject
Project("{FAE04EC0-301F-11D3-BF4B-00C04F79EFBC}") = "SpringBoxXIII.Shared", "SpringBoxXIII.Shared\SpringBoxXIII.Shared.csproj", "{B075778A-21C2-40F6-ADEE-4FC175A282E8}"
EndProject
Global
	GlobalSection(SolutionConfigurationPlatforms) = preSolution
		Debug|Any CPU = Debug|Any CPU
		Release|Any CPU = Release|Any CPU
	EndGlobalSection
	GlobalSection(ProjectConfigurationPlatforms) = postSolution
		{1D8572F0-B208-44D0-8DF3-6643369FFFAB}.Debug|Any CPU.ActiveCfg = Debug|Any CPU
		{1D8572F0-B208-44D0-8DF3-6643369FFFAB}.Debug|Any CPU.Build.0 = Debug|Any CPU
		{1D8572F0-B208-44D0-8DF3-6643369FFFAB}.Debug|Any CPU.Deploy.0 = Debug|Any CPU
		{1D8572F0-B208-44D0-8DF3-6643369FFFAB}.Release|Any CPU.ActiveCfg = Release|Any CPU
		{1D8572F0-B208-44D0-8DF3-6643369FFFAB}.Release|Any CPU.Build.0 = Release|Any CPU
		{1D8572F0-B208-44D0-8DF3-6643369FFFAB}.Release|Any CPU.Deploy.0 = Release|Any CPU
		{858B490E-589E-4E18-B702-F6938F860893}.Debug|Any CPU.ActiveCfg = Debug|Any CPU
		{858B490E-589E-4E18-B702-F6938F860893}.Debug|Any CPU.Build.0 = Debug|Any CPU
		{858B490E-589E-4E18-B702-F6938F860893}.Release|Any CPU.ActiveCfg = Release|Any CPU
		{858B490E-589E-4E18-B702-F6938F860893}.Release|Any CPU.Build.0 = Release|Any CPU
		{B075778A-21C2-40F6-ADEE-4FC175A282E8}.Debug|Any CPU.ActiveCfg = Debug|Any CPU
		{B075778A-21C2-40F6-ADEE-4FC175A282E8}.Debug|Any CPU.Build.0 = Debug|Any CPU
		{B075778A-21C2-40F6-ADEE-4FC175A282E8}.Release|Any CPU.ActiveCfg = Release|Any CPU
		{B075778A-21C2-40F6-ADEE-4FC175A282E8}.Release|Any CPU.Build.0 = Release|Any CPU
	EndGlobalSection
	GlobalSection(SolutionProperties) = preSolution
		HideSolutionNode = FALSE
	EndGlobalSection
	GlobalSection(ExtensibilityGlobals) = postSolution
		SolutionGuid = {07957822-B795-48EC-A311-E9126F50A62E}
	EndGlobalSection
EndGlobal
